
Microsoft Visual Studio Solution File, Format Version 12.00
# Visual Studio Version 16
VisualStudioVersion = 16.0.28729.10
MinimumVisualStudioVersion = 10.0.40219.1
Project("{2150E333-8FDC-42A3-9474-1A3956D46DE8}") = "src", "src", "{74E4E16D-C616-4441-B1BF-8FA564B0FE03}"
EndProject
Project("{2150E333-8FDC-42A3-9474-1A3956D46DE8}") = "Framework", "Framework", "{0A0A14BC-4569-4C5C-A100-63E5413698DF}"
	ProjectSection(SolutionItems) = preProject
		src\Framework\Directory.Build.props = src\Framework\Directory.Build.props
	EndProjectSection
EndProject
Project("{2150E333-8FDC-42A3-9474-1A3956D46DE8}") = "01_Utils", "01_Utils", "{8BE92EFE-A776-4E3F-897A-B97180814738}"
	ProjectSection(SolutionItems) = preProject
		src\Framework\Utils\Directory.Build.props = src\Framework\Utils\Directory.Build.props
	EndProjectSection
EndProject
Project("{9A19103F-16F7-4668-BE54-9A1E7A4F7556}") = "Utils.Core", "src\Framework\Utils\Utils.Core\Utils.Core.csproj", "{CA84CAEF-2356-4B52-B5C4-907594DABB81}"
EndProject
Project("{2150E333-8FDC-42A3-9474-1A3956D46DE8}") = "09_Module", "09_Module", "{266D1247-0402-4AD7-820D-67AF9B7C7D69}"
	ProjectSection(SolutionItems) = preProject
		src\Framework\Module\Directory.Build.props = src\Framework\Module\Directory.Build.props
	EndProjectSection
EndProject
Project("{9A19103F-16F7-4668-BE54-9A1E7A4F7556}") = "Module.Abstractions", "src\Framework\Module\Module.Abstractions\Module.Abstractions.csproj", "{40019587-B5FD-40CC-BB47-D34CE67C5329}"
EndProject
Project("{2150E333-8FDC-42A3-9474-1A3956D46DE8}") = "08_Auth", "08_Auth", "{CBEB17BA-C3A4-451C-95D5-6FA4EDF17F7E}"
	ProjectSection(SolutionItems) = preProject
		src\Framework\Auth\Directory.Build.props = src\Framework\Auth\Directory.Build.props
	EndProjectSection
EndProject
Project("{9A19103F-16F7-4668-BE54-9A1E7A4F7556}") = "Auth.Abstractions", "src\Framework\Auth\Auth.Abstractions\Auth.Abstractions.csproj", "{13AABF68-669B-4DBE-8E40-5F1F2DB5B4DA}"
EndProject
Project("{2150E333-8FDC-42A3-9474-1A3956D46DE8}") = "07_Validation", "07_Validation", "{AC1D477C-D9A9-4195-BD8A-381ED53F33C5}"
	ProjectSection(SolutionItems) = preProject
		src\Framework\Validation\Directory.Build.props = src\Framework\Validation\Directory.Build.props
	EndProjectSection
EndProject
Project("{9A19103F-16F7-4668-BE54-9A1E7A4F7556}") = "Validation.Abstractions", "src\Framework\Validation\Validation.Abstractions\Validation.Abstractions.csproj", "{D00DAAAD-550E-45C6-9B31-8C65B04B85B2}"
EndProject
Project("{9A19103F-16F7-4668-BE54-9A1E7A4F7556}") = "Auth.Jwt", "src\Framework\Auth\Auth.Jwt\Auth.Jwt.csproj", "{BAD4DE6D-7D1D-4555-B545-E9BE80F07BEA}"
EndProject
Project("{2150E333-8FDC-42A3-9474-1A3956D46DE8}") = "02_Data", "02_Data", "{8A20B488-093E-4BE0-BACA-75CB49D74827}"
	ProjectSection(SolutionItems) = preProject
		src\Framework\Data\Directory.Build.props = src\Framework\Data\Directory.Build.props
	EndProjectSection
EndProject
Project("{2150E333-8FDC-42A3-9474-1A3956D46DE8}") = "Core", "Core", "{B14A62EF-3160-4D69-8892-1D4A85D30A7E}"
EndProject
Project("{9A19103F-16F7-4668-BE54-9A1E7A4F7556}") = "Data.Abstractions", "src\Framework\Data\Core\Data.Abstractions\Data.Abstractions.csproj", "{4AC690BC-B410-4A2C-AED7-0609B224EFCC}"
EndProject
Project("{9A19103F-16F7-4668-BE54-9A1E7A4F7556}") = "Data.Core", "src\Framework\Data\Core\Data.Core\Data.Core.csproj", "{4758C55C-9ACF-4F34-AA45-303531270771}"
EndProject
Project("{2150E333-8FDC-42A3-9474-1A3956D46DE8}") = "Db", "Db", "{185CA55C-B3E3-4EAD-B3C4-7EC1FD878BD4}"
EndProject
Project("{9A19103F-16F7-4668-BE54-9A1E7A4F7556}") = "Data.MySql", "src\Framework\Data\Db\Data.MySql\Data.MySql.csproj", "{30F84B44-C466-4E7F-8E90-E33EB5B787F5}"
EndProject
Project("{9A19103F-16F7-4668-BE54-9A1E7A4F7556}") = "Data.SqlServer", "src\Framework\Data\Db\Data.SqlServer\Data.SqlServer.csproj", "{70E219EA-E535-4670-8AA8-0E31783FF612}"
EndProject
Project("{9A19103F-16F7-4668-BE54-9A1E7A4F7556}") = "Data.SQLite", "src\Framework\Data\Db\Data.SQLite\Data.SQLite.csproj", "{E3F26DBF-71F8-4FAD-AEB2-4ADA66CE1344}"
EndProject
Project("{2150E333-8FDC-42A3-9474-1A3956D46DE8}") = "Extend", "Extend", "{957CA2B2-5796-4CBD-9F1A-60EA45F002EB}"
EndProject
Project("{9A19103F-16F7-4668-BE54-9A1E7A4F7556}") = "Data.Query", "src\Framework\Data\Extend\Data.Query\Data.Query.csproj", "{4BA9907B-DD65-4A12-BD25-B774DC76C8B9}"
EndProject
Project("{2150E333-8FDC-42A3-9474-1A3956D46DE8}") = "03_Logging", "03_Logging", "{60FAC15D-B417-4B85-A123-C87C8BBC4D2E}"
	ProjectSection(SolutionItems) = preProject
		src\Framework\Logging\Directory.Build.props = src\Framework\Logging\Directory.Build.props
	EndProjectSection
EndProject
Project("{9A19103F-16F7-4668-BE54-9A1E7A4F7556}") = "Logging.Serilog", "src\Framework\Logging\Logging.Serilog\Logging.Serilog.csproj", "{71288A34-CCFA-4A66-9B37-A0CE4598DB32}"
EndProject
Project("{2150E333-8FDC-42A3-9474-1A3956D46DE8}") = "04_Mapper", "04_Mapper", "{893A4F30-E9FE-4E41-AAA0-4EDAAA1F5188}"
	ProjectSection(SolutionItems) = preProject
		src\Framework\Mapper\Directory.Build.props = src\Framework\Mapper\Directory.Build.props
	EndProjectSection
EndProject
Project("{2150E333-8FDC-42A3-9474-1A3956D46DE8}") = "05_Swagger", "05_Swagger", "{81097B80-B458-48E5-8302-A02850147D5B}"
	ProjectSection(SolutionItems) = preProject
		src\Framework\Swagger\Directory.Build.props = src\Framework\Swagger\Directory.Build.props
	EndProjectSection
EndProject
Project("{9A19103F-16F7-4668-BE54-9A1E7A4F7556}") = "Validation.FluentValidation", "src\Framework\Validation\Validation.FluentValidation\Validation.FluentValidation.csproj", "{C9F8FEF5-0016-403C-B615-3FAC2AC7582A}"
EndProject
Project("{2150E333-8FDC-42A3-9474-1A3956D46DE8}") = "build", "build", "{4E0F1B74-5ADA-4E3F-BC28-B6155B213311}"
	ProjectSection(SolutionItems) = preProject
		build\module.build.targets = build\module.build.targets
	EndProjectSection
EndProject
Project("{9A19103F-16F7-4668-BE54-9A1E7A4F7556}") = "Utils.Mvc", "src\Framework\Utils\Utils.Mvc\Utils.Mvc.csproj", "{BB774B28-EDCC-464C-AFF0-892C34B13406}"
EndProject
Project("{9A19103F-16F7-4668-BE54-9A1E7A4F7556}") = "Logging.Serilog.GenericHost", "src\Framework\Logging\Logging.Serilog.GenericHost\Logging.Serilog.GenericHost.csproj", "{ADB6B804-063C-4718-B20A-A38D086B30C7}"
EndProject
Project("{2150E333-8FDC-42A3-9474-1A3956D46DE8}") = "06_Cache", "06_Cache", "{07DFF9AB-0250-43B6-8B10-5C3F3F504C04}"
	ProjectSection(SolutionItems) = preProject
		src\Framework\Cache\Directory.Build.props = src\Framework\Cache\Directory.Build.props
	EndProjectSection
EndProject
Project("{9A19103F-16F7-4668-BE54-9A1E7A4F7556}") = "Cache.Abstractions", "src\Framework\Cache\Cache.Abstractions\Cache.Abstractions.csproj", "{A744B226-4D21-423C-ABD6-1DBD79D2A3E5}"
EndProject
Project("{9A19103F-16F7-4668-BE54-9A1E7A4F7556}") = "Cache.MemoryCache", "src\Framework\Cache\Cache.MemoryCache\Cache.MemoryCache.csproj", "{77CE02D6-9C19-45B3-9F85-005959B3ECEF}"
EndProject
Project("{9A19103F-16F7-4668-BE54-9A1E7A4F7556}") = "Cache.Integration", "src\Framework\Cache\Cache.Integration\Cache.Integration.csproj", "{FC472280-84BD-452A-9396-400D106DD5D3}"
EndProject
Project("{9A19103F-16F7-4668-BE54-9A1E7A4F7556}") = "Cache.Redis", "src\Framework\Cache\Cache.Redis\Cache.Redis.csproj", "{7F42696B-8BB8-46B7-91EB-7D676FAA9B06}"
EndProject
Project("{9A19103F-16F7-4668-BE54-9A1E7A4F7556}") = "Mapper.AutoMapper", "src\Framework\Mapper\Mapper.AutoMapper\Mapper.AutoMapper.csproj", "{6CC2E7D3-41B6-4975-B8D3-869BB9A8834C}"
EndProject
Project("{2150E333-8FDC-42A3-9474-1A3956D46DE8}") = "10_MQ", "10_MQ", "{930AF546-D112-4019-9E36-E39ED2B2EBCB}"
	ProjectSection(SolutionItems) = preProject
		src\Framework\MQ\Directory.Build.props = src\Framework\MQ\Directory.Build.props
	EndProjectSection
EndProject
Project("{9A19103F-16F7-4668-BE54-9A1E7A4F7556}") = "MQ.RabbitMQ", "src\Framework\MQ\MQ.RabbitMQ\MQ.RabbitMQ.csproj", "{5FF1A6D4-EFC7-41FD-8FD4-677A2B62CEB3}"
EndProject
Project("{9A19103F-16F7-4668-BE54-9A1E7A4F7556}") = "Module.GenericHost", "src\Framework\Module\Module.GenericHost\Module.GenericHost.csproj", "{A86CF6E7-8B42-44CD-9546-17AA8FCED34F}"
EndProject
Project("{9A19103F-16F7-4668-BE54-9A1E7A4F7556}") = "Module.AspNetCore", "src\Framework\Module\Module.AspNetCore\Module.AspNetCore.csproj", "{90376973-0290-4209-A1BE-A2EC4D2CF84E}"
EndProject
Project("{2150E333-8FDC-42A3-9474-1A3956D46DE8}") = "00_Host", "00_Host", "{44B1DD79-0157-4263-B5A7-AF2B4D625AC5}"
	ProjectSection(SolutionItems) = preProject
		src\Framework\Host\Directory.Build.props = src\Framework\Host\Directory.Build.props
	EndProjectSection
EndProject
Project("{9A19103F-16F7-4668-BE54-9A1E7A4F7556}") = "Host.Generic", "src\Framework\Host\Host.Generic\Host.Generic.csproj", "{80531AD3-EE4A-402A-BD84-DD978DCB8E41}"
EndProject
Project("{9A19103F-16F7-4668-BE54-9A1E7A4F7556}") = "Host.Web", "src\Framework\Host\Host.Web\Host.Web.csproj", "{64D93E1D-B064-4850-9616-E768DD854694}"
EndProject
Project("{9A19103F-16F7-4668-BE54-9A1E7A4F7556}") = "Host.Electron", "src\Framework\Host\Host.Electron\Host.Electron.csproj", "{DF2A5F1E-7F3A-45C0-B5D4-ACD358E6B6DD}"
EndProject
Project("{9A19103F-16F7-4668-BE54-9A1E7A4F7556}") = "Auth.Web", "src\Framework\Auth\Auth.Web\Auth.Web.csproj", "{B08BB1E2-C78A-433E-8DBF-9926A1D1E2F5}"
EndProject
Project("{9A19103F-16F7-4668-BE54-9A1E7A4F7556}") = "Swagger.Abstractions", "src\Framework\Swagger\Swagger.Abstractions\Swagger.Abstractions.csproj", "{8DE0941B-72FF-498A-AA3E-644896D14C10}"
EndProject
Project("{9A19103F-16F7-4668-BE54-9A1E7A4F7556}") = "Swagger.Core", "src\Framework\Swagger\Swagger.Core\Swagger.Core.csproj", "{650226ED-0B20-4EFC-AF79-C60522839B9D}"
EndProject
Project("{9A19103F-16F7-4668-BE54-9A1E7A4F7556}") = "Data.Oracle", "src\Framework\Data\Db\Data.Oracle\Data.Oracle.csproj", "{ECE8468D-A1BB-429D-B233-44D4DC5E9E51}"
EndProject
Project("{9A19103F-16F7-4668-BE54-9A1E7A4F7556}") = "Data.Integration", "src\Framework\Data\Extend\Data.Integration\Data.Integration.csproj", "{86CA8459-0652-4B7F-8F21-EDDBFBB3E433}"
EndProject
Project("{2150E333-8FDC-42A3-9474-1A3956D46DE8}") = "11_Quartz", "11_Quartz", "{9C848046-459D-41B4-B479-13E406B97C4A}"
	ProjectSection(SolutionItems) = preProject
		src\Framework\Quartz\Directory.Build.props = src\Framework\Quartz\Directory.Build.props
	EndProjectSection
EndProject
Project("{9A19103F-16F7-4668-BE54-9A1E7A4F7556}") = "Quartz.Abstractions", "src\Framework\Quartz\Quartz.Abstractions\Quartz.Abstractions.csproj", "{CE0C27E7-3CC4-4004-8E97-58209478FC28}"
EndProject
Project("{9A19103F-16F7-4668-BE54-9A1E7A4F7556}") = "Quartz.Core", "src\Framework\Quartz\Quartz.Core\Quartz.Core.csproj", "{AE42AFF1-F76C-4442-8F94-57ABF2B9CDBD}"
EndProject
Project("{9A19103F-16F7-4668-BE54-9A1E7A4F7556}") = "Quartz.Web", "src\Framework\Quartz\Quartz.Web\Quartz.Web.csproj", "{A119A627-0808-443A-AA49-1E352F2C1A5E}"
EndProject
Project("{2150E333-8FDC-42A3-9474-1A3956D46DE8}") = "Admin", "Admin", "{235A2FD4-BD93-4729-A689-0F26D7E60610}"
	ProjectSection(SolutionItems) = preProject
		src\Admin\Directory.Build.props = src\Admin\Directory.Build.props
	EndProjectSection
EndProject
Project("{2150E333-8FDC-42A3-9474-1A3956D46DE8}") = "Library", "Library", "{48576B23-B438-4B9B-8E7C-90C9B25ED4E4}"
EndProject
Project("{9A19103F-16F7-4668-BE54-9A1E7A4F7556}") = "Domain", "src\Admin\Library\Domain\Domain.csproj", "{63B4AA82-32ED-4F46-86E2-5C986B0697AD}"
EndProject
Project("{9A19103F-16F7-4668-BE54-9A1E7A4F7556}") = "Infrastructure", "src\Admin\Library\Infrastructure\Infrastructure.csproj", "{6AC2D2B3-CBC3-4DEA-BF81-D49EEEB94FA0}"
EndProject
Project("{9A19103F-16F7-4668-BE54-9A1E7A4F7556}") = "Application", "src\Admin\Library\Application\Application.csproj", "{BBEDC252-017B-4DC6-877F-9C8C61A17B43}"
EndProject
Project("{9A19103F-16F7-4668-BE54-9A1E7A4F7556}") = "Quartz", "src\Admin\Library\Quartz\Quartz.csproj", "{F9D36315-9EE0-410C-AB3D-143984D022E3}"
EndProject
Project("{9A19103F-16F7-4668-BE54-9A1E7A4F7556}") = "Web", "src\Admin\Web\Web.csproj", "{98245DF7-E894-4428-9655-2B099B97A0B3}"
EndProject
Project("{9A19103F-16F7-4668-BE54-9A1E7A4F7556}") = "WebHost", "src\Admin\WebHost\WebHost.csproj", "{4A8260AE-974E-487F-B6A5-1503DB5F13F5}"
EndProject
Project("{2150E333-8FDC-42A3-9474-1A3956D46DE8}") = "test", "test", "{8B67276F-CD56-474B-85F8-0757C1206D0D}"
EndProject
Project("{9A19103F-16F7-4668-BE54-9A1E7A4F7556}") = "Host.Generic.Test", "test\Host.Generic.Test\Host.Generic.Test.csproj", "{7894109E-C2B9-47E9-8A9B-F7C3866FAAD2}"
EndProject
Project("{9A19103F-16F7-4668-BE54-9A1E7A4F7556}") = "Data.PostgreSQL", "src\Framework\Data\Db\Data.PostgreSQL\Data.PostgreSQL.csproj", "{D046DDB1-C420-4BDF-9EE1-4A3138BF4BCD}"
EndProject
Project("{2150E333-8FDC-42A3-9474-1A3956D46DE8}") = "Data", "Data", "{C4BFEA14-CEE1-443F-A9C6-9ED21477974C}"
EndProject
Project("{9A19103F-16F7-4668-BE54-9A1E7A4F7556}") = "Data.PostgreSQL.Test", "test\Data\Data.PostgreSQL.Test\Data.PostgreSQL.Test.csproj", "{4D4DC0F7-B731-42E4-844C-91D6395014E6}"
EndProject
Project("{9A19103F-16F7-4668-BE54-9A1E7A4F7556}") = "Data.Common", "test\Data\Data.Common\Data.Common.csproj", "{7FA478CA-BB87-453D-93CB-A8786FBD797B}"
EndProject
Project("{FAE04EC0-301F-11D3-BF4B-00C04F79EFBC}") = "Data.MySql.Test", "test\Data\Data.MySql.Test\Data.MySql.Test.csproj", "{BDA4A1BE-A6DC-4D8E-A0E4-8AC66FE7134D}"
EndProject
Global
	GlobalSection(SolutionConfigurationPlatforms) = preSolution
		Debug|Any CPU = Debug|Any CPU
		Release|Any CPU = Release|Any CPU
	EndGlobalSection
	GlobalSection(ProjectConfigurationPlatforms) = postSolution
		{CA84CAEF-2356-4B52-B5C4-907594DABB81}.Debug|Any CPU.ActiveCfg = Debug|Any CPU
		{CA84CAEF-2356-4B52-B5C4-907594DABB81}.Debug|Any CPU.Build.0 = Debug|Any CPU
		{CA84CAEF-2356-4B52-B5C4-907594DABB81}.Release|Any CPU.ActiveCfg = Release|Any CPU
		{CA84CAEF-2356-4B52-B5C4-907594DABB81}.Release|Any CPU.Build.0 = Release|Any CPU
		{40019587-B5FD-40CC-BB47-D34CE67C5329}.Debug|Any CPU.ActiveCfg = Debug|Any CPU
		{40019587-B5FD-40CC-BB47-D34CE67C5329}.Debug|Any CPU.Build.0 = Debug|Any CPU
		{40019587-B5FD-40CC-BB47-D34CE67C5329}.Release|Any CPU.ActiveCfg = Release|Any CPU
		{40019587-B5FD-40CC-BB47-D34CE67C5329}.Release|Any CPU.Build.0 = Release|Any CPU
		{13AABF68-669B-4DBE-8E40-5F1F2DB5B4DA}.Debug|Any CPU.ActiveCfg = Debug|Any CPU
		{13AABF68-669B-4DBE-8E40-5F1F2DB5B4DA}.Debug|Any CPU.Build.0 = Debug|Any CPU
		{13AABF68-669B-4DBE-8E40-5F1F2DB5B4DA}.Release|Any CPU.ActiveCfg = Release|Any CPU
		{13AABF68-669B-4DBE-8E40-5F1F2DB5B4DA}.Release|Any CPU.Build.0 = Release|Any CPU
		{D00DAAAD-550E-45C6-9B31-8C65B04B85B2}.Debug|Any CPU.ActiveCfg = Debug|Any CPU
		{D00DAAAD-550E-45C6-9B31-8C65B04B85B2}.Debug|Any CPU.Build.0 = Debug|Any CPU
		{D00DAAAD-550E-45C6-9B31-8C65B04B85B2}.Release|Any CPU.ActiveCfg = Release|Any CPU
		{D00DAAAD-550E-45C6-9B31-8C65B04B85B2}.Release|Any CPU.Build.0 = Release|Any CPU
		{BAD4DE6D-7D1D-4555-B545-E9BE80F07BEA}.Debug|Any CPU.ActiveCfg = Debug|Any CPU
		{BAD4DE6D-7D1D-4555-B545-E9BE80F07BEA}.Debug|Any CPU.Build.0 = Debug|Any CPU
		{BAD4DE6D-7D1D-4555-B545-E9BE80F07BEA}.Release|Any CPU.ActiveCfg = Release|Any CPU
		{BAD4DE6D-7D1D-4555-B545-E9BE80F07BEA}.Release|Any CPU.Build.0 = Release|Any CPU
		{4AC690BC-B410-4A2C-AED7-0609B224EFCC}.Debug|Any CPU.ActiveCfg = Debug|Any CPU
		{4AC690BC-B410-4A2C-AED7-0609B224EFCC}.Debug|Any CPU.Build.0 = Debug|Any CPU
		{4AC690BC-B410-4A2C-AED7-0609B224EFCC}.Release|Any CPU.ActiveCfg = Release|Any CPU
		{4AC690BC-B410-4A2C-AED7-0609B224EFCC}.Release|Any CPU.Build.0 = Release|Any CPU
		{4758C55C-9ACF-4F34-AA45-303531270771}.Debug|Any CPU.ActiveCfg = Debug|Any CPU
		{4758C55C-9ACF-4F34-AA45-303531270771}.Debug|Any CPU.Build.0 = Debug|Any CPU
		{4758C55C-9ACF-4F34-AA45-303531270771}.Release|Any CPU.ActiveCfg = Release|Any CPU
		{4758C55C-9ACF-4F34-AA45-303531270771}.Release|Any CPU.Build.0 = Release|Any CPU
		{30F84B44-C466-4E7F-8E90-E33EB5B787F5}.Debug|Any CPU.ActiveCfg = Debug|Any CPU
		{30F84B44-C466-4E7F-8E90-E33EB5B787F5}.Debug|Any CPU.Build.0 = Debug|Any CPU
		{30F84B44-C466-4E7F-8E90-E33EB5B787F5}.Release|Any CPU.ActiveCfg = Release|Any CPU
		{30F84B44-C466-4E7F-8E90-E33EB5B787F5}.Release|Any CPU.Build.0 = Release|Any CPU
		{70E219EA-E535-4670-8AA8-0E31783FF612}.Debug|Any CPU.ActiveCfg = Debug|Any CPU
		{70E219EA-E535-4670-8AA8-0E31783FF612}.Debug|Any CPU.Build.0 = Debug|Any CPU
		{70E219EA-E535-4670-8AA8-0E31783FF612}.Release|Any CPU.ActiveCfg = Release|Any CPU
		{70E219EA-E535-4670-8AA8-0E31783FF612}.Release|Any CPU.Build.0 = Release|Any CPU
		{E3F26DBF-71F8-4FAD-AEB2-4ADA66CE1344}.Debug|Any CPU.ActiveCfg = Debug|Any CPU
		{E3F26DBF-71F8-4FAD-AEB2-4ADA66CE1344}.Debug|Any CPU.Build.0 = Debug|Any CPU
		{E3F26DBF-71F8-4FAD-AEB2-4ADA66CE1344}.Release|Any CPU.ActiveCfg = Release|Any CPU
		{E3F26DBF-71F8-4FAD-AEB2-4ADA66CE1344}.Release|Any CPU.Build.0 = Release|Any CPU
		{4BA9907B-DD65-4A12-BD25-B774DC76C8B9}.Debug|Any CPU.ActiveCfg = Debug|Any CPU
		{4BA9907B-DD65-4A12-BD25-B774DC76C8B9}.Debug|Any CPU.Build.0 = Debug|Any CPU
		{4BA9907B-DD65-4A12-BD25-B774DC76C8B9}.Release|Any CPU.ActiveCfg = Release|Any CPU
		{4BA9907B-DD65-4A12-BD25-B774DC76C8B9}.Release|Any CPU.Build.0 = Release|Any CPU
		{71288A34-CCFA-4A66-9B37-A0CE4598DB32}.Debug|Any CPU.ActiveCfg = Debug|Any CPU
		{71288A34-CCFA-4A66-9B37-A0CE4598DB32}.Debug|Any CPU.Build.0 = Debug|Any CPU
		{71288A34-CCFA-4A66-9B37-A0CE4598DB32}.Release|Any CPU.ActiveCfg = Release|Any CPU
		{71288A34-CCFA-4A66-9B37-A0CE4598DB32}.Release|Any CPU.Build.0 = Release|Any CPU
		{C9F8FEF5-0016-403C-B615-3FAC2AC7582A}.Debug|Any CPU.ActiveCfg = Debug|Any CPU
		{C9F8FEF5-0016-403C-B615-3FAC2AC7582A}.Debug|Any CPU.Build.0 = Debug|Any CPU
		{C9F8FEF5-0016-403C-B615-3FAC2AC7582A}.Release|Any CPU.ActiveCfg = Release|Any CPU
		{C9F8FEF5-0016-403C-B615-3FAC2AC7582A}.Release|Any CPU.Build.0 = Release|Any CPU
		{BB774B28-EDCC-464C-AFF0-892C34B13406}.Debug|Any CPU.ActiveCfg = Debug|Any CPU
		{BB774B28-EDCC-464C-AFF0-892C34B13406}.Debug|Any CPU.Build.0 = Debug|Any CPU
		{BB774B28-EDCC-464C-AFF0-892C34B13406}.Release|Any CPU.ActiveCfg = Release|Any CPU
		{BB774B28-EDCC-464C-AFF0-892C34B13406}.Release|Any CPU.Build.0 = Release|Any CPU
		{ADB6B804-063C-4718-B20A-A38D086B30C7}.Debug|Any CPU.ActiveCfg = Debug|Any CPU
		{ADB6B804-063C-4718-B20A-A38D086B30C7}.Debug|Any CPU.Build.0 = Debug|Any CPU
		{ADB6B804-063C-4718-B20A-A38D086B30C7}.Release|Any CPU.ActiveCfg = Release|Any CPU
		{ADB6B804-063C-4718-B20A-A38D086B30C7}.Release|Any CPU.Build.0 = Release|Any CPU
		{A744B226-4D21-423C-ABD6-1DBD79D2A3E5}.Debug|Any CPU.ActiveCfg = Debug|Any CPU
		{A744B226-4D21-423C-ABD6-1DBD79D2A3E5}.Debug|Any CPU.Build.0 = Debug|Any CPU
		{A744B226-4D21-423C-ABD6-1DBD79D2A3E5}.Release|Any CPU.ActiveCfg = Release|Any CPU
		{A744B226-4D21-423C-ABD6-1DBD79D2A3E5}.Release|Any CPU.Build.0 = Release|Any CPU
		{77CE02D6-9C19-45B3-9F85-005959B3ECEF}.Debug|Any CPU.ActiveCfg = Debug|Any CPU
		{77CE02D6-9C19-45B3-9F85-005959B3ECEF}.Debug|Any CPU.Build.0 = Debug|Any CPU
		{77CE02D6-9C19-45B3-9F85-005959B3ECEF}.Release|Any CPU.ActiveCfg = Release|Any CPU
		{77CE02D6-9C19-45B3-9F85-005959B3ECEF}.Release|Any CPU.Build.0 = Release|Any CPU
		{FC472280-84BD-452A-9396-400D106DD5D3}.Debug|Any CPU.ActiveCfg = Debug|Any CPU
		{FC472280-84BD-452A-9396-400D106DD5D3}.Debug|Any CPU.Build.0 = Debug|Any CPU
		{FC472280-84BD-452A-9396-400D106DD5D3}.Release|Any CPU.ActiveCfg = Release|Any CPU
		{FC472280-84BD-452A-9396-400D106DD5D3}.Release|Any CPU.Build.0 = Release|Any CPU
		{7F42696B-8BB8-46B7-91EB-7D676FAA9B06}.Debug|Any CPU.ActiveCfg = Debug|Any CPU
		{7F42696B-8BB8-46B7-91EB-7D676FAA9B06}.Debug|Any CPU.Build.0 = Debug|Any CPU
		{7F42696B-8BB8-46B7-91EB-7D676FAA9B06}.Release|Any CPU.ActiveCfg = Release|Any CPU
		{7F42696B-8BB8-46B7-91EB-7D676FAA9B06}.Release|Any CPU.Build.0 = Release|Any CPU
		{6CC2E7D3-41B6-4975-B8D3-869BB9A8834C}.Debug|Any CPU.ActiveCfg = Debug|Any CPU
		{6CC2E7D3-41B6-4975-B8D3-869BB9A8834C}.Debug|Any CPU.Build.0 = Debug|Any CPU
		{6CC2E7D3-41B6-4975-B8D3-869BB9A8834C}.Release|Any CPU.ActiveCfg = Release|Any CPU
		{6CC2E7D3-41B6-4975-B8D3-869BB9A8834C}.Release|Any CPU.Build.0 = Release|Any CPU
		{5FF1A6D4-EFC7-41FD-8FD4-677A2B62CEB3}.Debug|Any CPU.ActiveCfg = Debug|Any CPU
		{5FF1A6D4-EFC7-41FD-8FD4-677A2B62CEB3}.Debug|Any CPU.Build.0 = Debug|Any CPU
		{5FF1A6D4-EFC7-41FD-8FD4-677A2B62CEB3}.Release|Any CPU.ActiveCfg = Release|Any CPU
		{5FF1A6D4-EFC7-41FD-8FD4-677A2B62CEB3}.Release|Any CPU.Build.0 = Release|Any CPU
		{A86CF6E7-8B42-44CD-9546-17AA8FCED34F}.Debug|Any CPU.ActiveCfg = Debug|Any CPU
		{A86CF6E7-8B42-44CD-9546-17AA8FCED34F}.Debug|Any CPU.Build.0 = Debug|Any CPU
		{A86CF6E7-8B42-44CD-9546-17AA8FCED34F}.Release|Any CPU.ActiveCfg = Release|Any CPU
		{A86CF6E7-8B42-44CD-9546-17AA8FCED34F}.Release|Any CPU.Build.0 = Release|Any CPU
		{90376973-0290-4209-A1BE-A2EC4D2CF84E}.Debug|Any CPU.ActiveCfg = Debug|Any CPU
		{90376973-0290-4209-A1BE-A2EC4D2CF84E}.Debug|Any CPU.Build.0 = Debug|Any CPU
		{90376973-0290-4209-A1BE-A2EC4D2CF84E}.Release|Any CPU.ActiveCfg = Release|Any CPU
		{90376973-0290-4209-A1BE-A2EC4D2CF84E}.Release|Any CPU.Build.0 = Release|Any CPU
		{80531AD3-EE4A-402A-BD84-DD978DCB8E41}.Debug|Any CPU.ActiveCfg = Debug|Any CPU
		{80531AD3-EE4A-402A-BD84-DD978DCB8E41}.Debug|Any CPU.Build.0 = Debug|Any CPU
		{80531AD3-EE4A-402A-BD84-DD978DCB8E41}.Release|Any CPU.ActiveCfg = Release|Any CPU
		{80531AD3-EE4A-402A-BD84-DD978DCB8E41}.Release|Any CPU.Build.0 = Release|Any CPU
		{64D93E1D-B064-4850-9616-E768DD854694}.Debug|Any CPU.ActiveCfg = Debug|Any CPU
		{64D93E1D-B064-4850-9616-E768DD854694}.Debug|Any CPU.Build.0 = Debug|Any CPU
		{64D93E1D-B064-4850-9616-E768DD854694}.Release|Any CPU.ActiveCfg = Release|Any CPU
		{64D93E1D-B064-4850-9616-E768DD854694}.Release|Any CPU.Build.0 = Release|Any CPU
		{DF2A5F1E-7F3A-45C0-B5D4-ACD358E6B6DD}.Debug|Any CPU.ActiveCfg = Debug|Any CPU
		{DF2A5F1E-7F3A-45C0-B5D4-ACD358E6B6DD}.Debug|Any CPU.Build.0 = Debug|Any CPU
		{DF2A5F1E-7F3A-45C0-B5D4-ACD358E6B6DD}.Release|Any CPU.ActiveCfg = Release|Any CPU
		{DF2A5F1E-7F3A-45C0-B5D4-ACD358E6B6DD}.Release|Any CPU.Build.0 = Release|Any CPU
		{B08BB1E2-C78A-433E-8DBF-9926A1D1E2F5}.Debug|Any CPU.ActiveCfg = Debug|Any CPU
		{B08BB1E2-C78A-433E-8DBF-9926A1D1E2F5}.Debug|Any CPU.Build.0 = Debug|Any CPU
		{B08BB1E2-C78A-433E-8DBF-9926A1D1E2F5}.Release|Any CPU.ActiveCfg = Release|Any CPU
		{B08BB1E2-C78A-433E-8DBF-9926A1D1E2F5}.Release|Any CPU.Build.0 = Release|Any CPU
		{8DE0941B-72FF-498A-AA3E-644896D14C10}.Debug|Any CPU.ActiveCfg = Debug|Any CPU
		{8DE0941B-72FF-498A-AA3E-644896D14C10}.Debug|Any CPU.Build.0 = Debug|Any CPU
		{8DE0941B-72FF-498A-AA3E-644896D14C10}.Release|Any CPU.ActiveCfg = Release|Any CPU
		{8DE0941B-72FF-498A-AA3E-644896D14C10}.Release|Any CPU.Build.0 = Release|Any CPU
		{650226ED-0B20-4EFC-AF79-C60522839B9D}.Debug|Any CPU.ActiveCfg = Debug|Any CPU
		{650226ED-0B20-4EFC-AF79-C60522839B9D}.Debug|Any CPU.Build.0 = Debug|Any CPU
		{650226ED-0B20-4EFC-AF79-C60522839B9D}.Release|Any CPU.ActiveCfg = Release|Any CPU
		{650226ED-0B20-4EFC-AF79-C60522839B9D}.Release|Any CPU.Build.0 = Release|Any CPU
		{ECE8468D-A1BB-429D-B233-44D4DC5E9E51}.Debug|Any CPU.ActiveCfg = Debug|Any CPU
		{ECE8468D-A1BB-429D-B233-44D4DC5E9E51}.Debug|Any CPU.Build.0 = Debug|Any CPU
		{ECE8468D-A1BB-429D-B233-44D4DC5E9E51}.Release|Any CPU.ActiveCfg = Release|Any CPU
		{ECE8468D-A1BB-429D-B233-44D4DC5E9E51}.Release|Any CPU.Build.0 = Release|Any CPU
		{86CA8459-0652-4B7F-8F21-EDDBFBB3E433}.Debug|Any CPU.ActiveCfg = Debug|Any CPU
		{86CA8459-0652-4B7F-8F21-EDDBFBB3E433}.Debug|Any CPU.Build.0 = Debug|Any CPU
		{86CA8459-0652-4B7F-8F21-EDDBFBB3E433}.Release|Any CPU.ActiveCfg = Release|Any CPU
		{86CA8459-0652-4B7F-8F21-EDDBFBB3E433}.Release|Any CPU.Build.0 = Release|Any CPU
		{CE0C27E7-3CC4-4004-8E97-58209478FC28}.Debug|Any CPU.ActiveCfg = Debug|Any CPU
		{CE0C27E7-3CC4-4004-8E97-58209478FC28}.Debug|Any CPU.Build.0 = Debug|Any CPU
		{CE0C27E7-3CC4-4004-8E97-58209478FC28}.Release|Any CPU.ActiveCfg = Release|Any CPU
		{CE0C27E7-3CC4-4004-8E97-58209478FC28}.Release|Any CPU.Build.0 = Release|Any CPU
		{AE42AFF1-F76C-4442-8F94-57ABF2B9CDBD}.Debug|Any CPU.ActiveCfg = Debug|Any CPU
		{AE42AFF1-F76C-4442-8F94-57ABF2B9CDBD}.Debug|Any CPU.Build.0 = Debug|Any CPU
		{AE42AFF1-F76C-4442-8F94-57ABF2B9CDBD}.Release|Any CPU.ActiveCfg = Release|Any CPU
		{AE42AFF1-F76C-4442-8F94-57ABF2B9CDBD}.Release|Any CPU.Build.0 = Release|Any CPU
		{A119A627-0808-443A-AA49-1E352F2C1A5E}.Debug|Any CPU.ActiveCfg = Debug|Any CPU
		{A119A627-0808-443A-AA49-1E352F2C1A5E}.Debug|Any CPU.Build.0 = Debug|Any CPU
		{A119A627-0808-443A-AA49-1E352F2C1A5E}.Release|Any CPU.ActiveCfg = Release|Any CPU
		{A119A627-0808-443A-AA49-1E352F2C1A5E}.Release|Any CPU.Build.0 = Release|Any CPU
		{63B4AA82-32ED-4F46-86E2-5C986B0697AD}.Debug|Any CPU.ActiveCfg = Debug|Any CPU
		{63B4AA82-32ED-4F46-86E2-5C986B0697AD}.Debug|Any CPU.Build.0 = Debug|Any CPU
		{63B4AA82-32ED-4F46-86E2-5C986B0697AD}.Release|Any CPU.ActiveCfg = Release|Any CPU
		{63B4AA82-32ED-4F46-86E2-5C986B0697AD}.Release|Any CPU.Build.0 = Release|Any CPU
		{6AC2D2B3-CBC3-4DEA-BF81-D49EEEB94FA0}.Debug|Any CPU.ActiveCfg = Debug|Any CPU
		{6AC2D2B3-CBC3-4DEA-BF81-D49EEEB94FA0}.Debug|Any CPU.Build.0 = Debug|Any CPU
		{6AC2D2B3-CBC3-4DEA-BF81-D49EEEB94FA0}.Release|Any CPU.ActiveCfg = Release|Any CPU
		{6AC2D2B3-CBC3-4DEA-BF81-D49EEEB94FA0}.Release|Any CPU.Build.0 = Release|Any CPU
		{BBEDC252-017B-4DC6-877F-9C8C61A17B43}.Debug|Any CPU.ActiveCfg = Debug|Any CPU
		{BBEDC252-017B-4DC6-877F-9C8C61A17B43}.Debug|Any CPU.Build.0 = Debug|Any CPU
		{BBEDC252-017B-4DC6-877F-9C8C61A17B43}.Release|Any CPU.ActiveCfg = Release|Any CPU
		{BBEDC252-017B-4DC6-877F-9C8C61A17B43}.Release|Any CPU.Build.0 = Release|Any CPU
		{F9D36315-9EE0-410C-AB3D-143984D022E3}.Debug|Any CPU.ActiveCfg = Debug|Any CPU
		{F9D36315-9EE0-410C-AB3D-143984D022E3}.Debug|Any CPU.Build.0 = Debug|Any CPU
		{F9D36315-9EE0-410C-AB3D-143984D022E3}.Release|Any CPU.ActiveCfg = Release|Any CPU
		{F9D36315-9EE0-410C-AB3D-143984D022E3}.Release|Any CPU.Build.0 = Release|Any CPU
		{98245DF7-E894-4428-9655-2B099B97A0B3}.Debug|Any CPU.ActiveCfg = Debug|Any CPU
		{98245DF7-E894-4428-9655-2B099B97A0B3}.Debug|Any CPU.Build.0 = Debug|Any CPU
		{98245DF7-E894-4428-9655-2B099B97A0B3}.Release|Any CPU.ActiveCfg = Release|Any CPU
		{98245DF7-E894-4428-9655-2B099B97A0B3}.Release|Any CPU.Build.0 = Release|Any CPU
		{4A8260AE-974E-487F-B6A5-1503DB5F13F5}.Debug|Any CPU.ActiveCfg = Debug|Any CPU
		{4A8260AE-974E-487F-B6A5-1503DB5F13F5}.Debug|Any CPU.Build.0 = Debug|Any CPU
		{4A8260AE-974E-487F-B6A5-1503DB5F13F5}.Release|Any CPU.ActiveCfg = Release|Any CPU
		{4A8260AE-974E-487F-B6A5-1503DB5F13F5}.Release|Any CPU.Build.0 = Release|Any CPU
		{7894109E-C2B9-47E9-8A9B-F7C3866FAAD2}.Debug|Any CPU.ActiveCfg = Debug|Any CPU
		{7894109E-C2B9-47E9-8A9B-F7C3866FAAD2}.Debug|Any CPU.Build.0 = Debug|Any CPU
		{7894109E-C2B9-47E9-8A9B-F7C3866FAAD2}.Release|Any CPU.ActiveCfg = Release|Any CPU
		{7894109E-C2B9-47E9-8A9B-F7C3866FAAD2}.Release|Any CPU.Build.0 = Release|Any CPU
		{D046DDB1-C420-4BDF-9EE1-4A3138BF4BCD}.Debug|Any CPU.ActiveCfg = Debug|Any CPU
		{D046DDB1-C420-4BDF-9EE1-4A3138BF4BCD}.Debug|Any CPU.Build.0 = Debug|Any CPU
		{D046DDB1-C420-4BDF-9EE1-4A3138BF4BCD}.Release|Any CPU.ActiveCfg = Release|Any CPU
		{D046DDB1-C420-4BDF-9EE1-4A3138BF4BCD}.Release|Any CPU.Build.0 = Release|Any CPU
		{4D4DC0F7-B731-42E4-844C-91D6395014E6}.Debug|Any CPU.ActiveCfg = Debug|Any CPU
		{4D4DC0F7-B731-42E4-844C-91D6395014E6}.Debug|Any CPU.Build.0 = Debug|Any CPU
		{4D4DC0F7-B731-42E4-844C-91D6395014E6}.Release|Any CPU.ActiveCfg = Release|Any CPU
		{4D4DC0F7-B731-42E4-844C-91D6395014E6}.Release|Any CPU.Build.0 = Release|Any CPU
		{7FA478CA-BB87-453D-93CB-A8786FBD797B}.Debug|Any CPU.ActiveCfg = Debug|Any CPU
		{7FA478CA-BB87-453D-93CB-A8786FBD797B}.Debug|Any CPU.Build.0 = Debug|Any CPU
		{7FA478CA-BB87-453D-93CB-A8786FBD797B}.Release|Any CPU.ActiveCfg = Release|Any CPU
		{7FA478CA-BB87-453D-93CB-A8786FBD797B}.Release|Any CPU.Build.0 = Release|Any CPU
		{BDA4A1BE-A6DC-4D8E-A0E4-8AC66FE7134D}.Debug|Any CPU.ActiveCfg = Debug|Any CPU
		{BDA4A1BE-A6DC-4D8E-A0E4-8AC66FE7134D}.Debug|Any CPU.Build.0 = Debug|Any CPU
		{BDA4A1BE-A6DC-4D8E-A0E4-8AC66FE7134D}.Release|Any CPU.ActiveCfg = Release|Any CPU
		{BDA4A1BE-A6DC-4D8E-A0E4-8AC66FE7134D}.Release|Any CPU.Build.0 = Release|Any CPU
	EndGlobalSection
	GlobalSection(SolutionProperties) = preSolution
		HideSolutionNode = FALSE
	EndGlobalSection
	GlobalSection(NestedProjects) = preSolution
		{0A0A14BC-4569-4C5C-A100-63E5413698DF} = {74E4E16D-C616-4441-B1BF-8FA564B0FE03}
		{8BE92EFE-A776-4E3F-897A-B97180814738} = {0A0A14BC-4569-4C5C-A100-63E5413698DF}
		{CA84CAEF-2356-4B52-B5C4-907594DABB81} = {8BE92EFE-A776-4E3F-897A-B97180814738}
		{266D1247-0402-4AD7-820D-67AF9B7C7D69} = {0A0A14BC-4569-4C5C-A100-63E5413698DF}
		{40019587-B5FD-40CC-BB47-D34CE67C5329} = {266D1247-0402-4AD7-820D-67AF9B7C7D69}
		{CBEB17BA-C3A4-451C-95D5-6FA4EDF17F7E} = {0A0A14BC-4569-4C5C-A100-63E5413698DF}
		{13AABF68-669B-4DBE-8E40-5F1F2DB5B4DA} = {CBEB17BA-C3A4-451C-95D5-6FA4EDF17F7E}
		{AC1D477C-D9A9-4195-BD8A-381ED53F33C5} = {0A0A14BC-4569-4C5C-A100-63E5413698DF}
		{D00DAAAD-550E-45C6-9B31-8C65B04B85B2} = {AC1D477C-D9A9-4195-BD8A-381ED53F33C5}
		{BAD4DE6D-7D1D-4555-B545-E9BE80F07BEA} = {CBEB17BA-C3A4-451C-95D5-6FA4EDF17F7E}
		{8A20B488-093E-4BE0-BACA-75CB49D74827} = {0A0A14BC-4569-4C5C-A100-63E5413698DF}
		{B14A62EF-3160-4D69-8892-1D4A85D30A7E} = {8A20B488-093E-4BE0-BACA-75CB49D74827}
		{4AC690BC-B410-4A2C-AED7-0609B224EFCC} = {B14A62EF-3160-4D69-8892-1D4A85D30A7E}
		{4758C55C-9ACF-4F34-AA45-303531270771} = {B14A62EF-3160-4D69-8892-1D4A85D30A7E}
		{185CA55C-B3E3-4EAD-B3C4-7EC1FD878BD4} = {8A20B488-093E-4BE0-BACA-75CB49D74827}
		{30F84B44-C466-4E7F-8E90-E33EB5B787F5} = {185CA55C-B3E3-4EAD-B3C4-7EC1FD878BD4}
		{70E219EA-E535-4670-8AA8-0E31783FF612} = {185CA55C-B3E3-4EAD-B3C4-7EC1FD878BD4}
		{E3F26DBF-71F8-4FAD-AEB2-4ADA66CE1344} = {185CA55C-B3E3-4EAD-B3C4-7EC1FD878BD4}
		{957CA2B2-5796-4CBD-9F1A-60EA45F002EB} = {8A20B488-093E-4BE0-BACA-75CB49D74827}
		{4BA9907B-DD65-4A12-BD25-B774DC76C8B9} = {957CA2B2-5796-4CBD-9F1A-60EA45F002EB}
		{60FAC15D-B417-4B85-A123-C87C8BBC4D2E} = {0A0A14BC-4569-4C5C-A100-63E5413698DF}
		{71288A34-CCFA-4A66-9B37-A0CE4598DB32} = {60FAC15D-B417-4B85-A123-C87C8BBC4D2E}
		{893A4F30-E9FE-4E41-AAA0-4EDAAA1F5188} = {0A0A14BC-4569-4C5C-A100-63E5413698DF}
		{81097B80-B458-48E5-8302-A02850147D5B} = {0A0A14BC-4569-4C5C-A100-63E5413698DF}
		{C9F8FEF5-0016-403C-B615-3FAC2AC7582A} = {AC1D477C-D9A9-4195-BD8A-381ED53F33C5}
		{BB774B28-EDCC-464C-AFF0-892C34B13406} = {8BE92EFE-A776-4E3F-897A-B97180814738}
		{ADB6B804-063C-4718-B20A-A38D086B30C7} = {60FAC15D-B417-4B85-A123-C87C8BBC4D2E}
		{07DFF9AB-0250-43B6-8B10-5C3F3F504C04} = {0A0A14BC-4569-4C5C-A100-63E5413698DF}
		{A744B226-4D21-423C-ABD6-1DBD79D2A3E5} = {07DFF9AB-0250-43B6-8B10-5C3F3F504C04}
		{77CE02D6-9C19-45B3-9F85-005959B3ECEF} = {07DFF9AB-0250-43B6-8B10-5C3F3F504C04}
		{FC472280-84BD-452A-9396-400D106DD5D3} = {07DFF9AB-0250-43B6-8B10-5C3F3F504C04}
		{7F42696B-8BB8-46B7-91EB-7D676FAA9B06} = {07DFF9AB-0250-43B6-8B10-5C3F3F504C04}
		{6CC2E7D3-41B6-4975-B8D3-869BB9A8834C} = {893A4F30-E9FE-4E41-AAA0-4EDAAA1F5188}
		{930AF546-D112-4019-9E36-E39ED2B2EBCB} = {0A0A14BC-4569-4C5C-A100-63E5413698DF}
		{5FF1A6D4-EFC7-41FD-8FD4-677A2B62CEB3} = {930AF546-D112-4019-9E36-E39ED2B2EBCB}
		{A86CF6E7-8B42-44CD-9546-17AA8FCED34F} = {266D1247-0402-4AD7-820D-67AF9B7C7D69}
		{90376973-0290-4209-A1BE-A2EC4D2CF84E} = {266D1247-0402-4AD7-820D-67AF9B7C7D69}
		{44B1DD79-0157-4263-B5A7-AF2B4D625AC5} = {0A0A14BC-4569-4C5C-A100-63E5413698DF}
		{80531AD3-EE4A-402A-BD84-DD978DCB8E41} = {44B1DD79-0157-4263-B5A7-AF2B4D625AC5}
		{64D93E1D-B064-4850-9616-E768DD854694} = {44B1DD79-0157-4263-B5A7-AF2B4D625AC5}
		{DF2A5F1E-7F3A-45C0-B5D4-ACD358E6B6DD} = {44B1DD79-0157-4263-B5A7-AF2B4D625AC5}
		{B08BB1E2-C78A-433E-8DBF-9926A1D1E2F5} = {CBEB17BA-C3A4-451C-95D5-6FA4EDF17F7E}
		{8DE0941B-72FF-498A-AA3E-644896D14C10} = {81097B80-B458-48E5-8302-A02850147D5B}
		{650226ED-0B20-4EFC-AF79-C60522839B9D} = {81097B80-B458-48E5-8302-A02850147D5B}
		{ECE8468D-A1BB-429D-B233-44D4DC5E9E51} = {185CA55C-B3E3-4EAD-B3C4-7EC1FD878BD4}
		{86CA8459-0652-4B7F-8F21-EDDBFBB3E433} = {957CA2B2-5796-4CBD-9F1A-60EA45F002EB}
		{9C848046-459D-41B4-B479-13E406B97C4A} = {0A0A14BC-4569-4C5C-A100-63E5413698DF}
		{CE0C27E7-3CC4-4004-8E97-58209478FC28} = {9C848046-459D-41B4-B479-13E406B97C4A}
		{AE42AFF1-F76C-4442-8F94-57ABF2B9CDBD} = {9C848046-459D-41B4-B479-13E406B97C4A}
		{A119A627-0808-443A-AA49-1E352F2C1A5E} = {9C848046-459D-41B4-B479-13E406B97C4A}
		{235A2FD4-BD93-4729-A689-0F26D7E60610} = {74E4E16D-C616-4441-B1BF-8FA564B0FE03}
		{48576B23-B438-4B9B-8E7C-90C9B25ED4E4} = {235A2FD4-BD93-4729-A689-0F26D7E60610}
		{63B4AA82-32ED-4F46-86E2-5C986B0697AD} = {48576B23-B438-4B9B-8E7C-90C9B25ED4E4}
		{6AC2D2B3-CBC3-4DEA-BF81-D49EEEB94FA0} = {48576B23-B438-4B9B-8E7C-90C9B25ED4E4}
		{BBEDC252-017B-4DC6-877F-9C8C61A17B43} = {48576B23-B438-4B9B-8E7C-90C9B25ED4E4}
		{F9D36315-9EE0-410C-AB3D-143984D022E3} = {48576B23-B438-4B9B-8E7C-90C9B25ED4E4}
		{98245DF7-E894-4428-9655-2B099B97A0B3} = {235A2FD4-BD93-4729-A689-0F26D7E60610}
		{4A8260AE-974E-487F-B6A5-1503DB5F13F5} = {235A2FD4-BD93-4729-A689-0F26D7E60610}
		{7894109E-C2B9-47E9-8A9B-F7C3866FAAD2} = {8B67276F-CD56-474B-85F8-0757C1206D0D}
		{D046DDB1-C420-4BDF-9EE1-4A3138BF4BCD} = {185CA55C-B3E3-4EAD-B3C4-7EC1FD878BD4}
		{C4BFEA14-CEE1-443F-A9C6-9ED21477974C} = {8B67276F-CD56-474B-85F8-0757C1206D0D}
		{4D4DC0F7-B731-42E4-844C-91D6395014E6} = {C4BFEA14-CEE1-443F-A9C6-9ED21477974C}
		{7FA478CA-BB87-453D-93CB-A8786FBD797B} = {C4BFEA14-CEE1-443F-A9C6-9ED21477974C}
		{BDA4A1BE-A6DC-4D8E-A0E4-8AC66FE7134D} = {C4BFEA14-CEE1-443F-A9C6-9ED21477974C}
	EndGlobalSection
	GlobalSection(ExtensibilityGlobals) = postSolution
		SolutionGuid = {19A2CC6E-58D3-47C8-9429-45AAC348D4DC}
	EndGlobalSection
EndGlobal
